
Microsoft Visual Studio Solution File, Format Version 12.00
# Visual Studio 2013
VisualStudioVersion = 12.0.31101.0
MinimumVisualStudioVersion = 10.0.40219.1
Project("{E24C65DC-7377-472B-9ABA-BC803B73C61A}") = "hsp-bootstrap", "http://localhost:50671", "{E4A2052D-30A8-42EC-81F8-ED932EB81575}"
	ProjectSection(WebsiteProperties) = preProject
		UseIISExpress = "true"
		TargetFrameworkMoniker = ".NETFramework,Version%3Dv4.0"
		Debug.AspNetCompiler.VirtualPath = "/localhost_50671"
		Debug.AspNetCompiler.PhysicalPath = "..\hsp-bootstrap\"
		Debug.AspNetCompiler.TargetPath = "PrecompiledWeb\localhost_50671\"
		Debug.AspNetCompiler.Updateable = "false"
		Debug.AspNetCompiler.ForceOverwrite = "true"
		Debug.AspNetCompiler.FixedNames = "false"
		Debug.AspNetCompiler.Debug = "True"
		Release.AspNetCompiler.VirtualPath = "/localhost_50671"
		Release.AspNetCompiler.PhysicalPath = "..\hsp-bootstrap\"
		Release.AspNetCompiler.TargetPath = "PrecompiledWeb\localhost_50671\"
		Release.AspNetCompiler.Updateable = "false"
		Release.AspNetCompiler.ForceOverwrite = "true"
		Release.AspNetCompiler.FixedNames = "false"
		Release.AspNetCompiler.Debug = "False"
		SlnRelativePath = "..\hsp-bootstrap\"
	EndProjectSection
EndProject
Global
	GlobalSection(SolutionConfigurationPlatforms) = preSolution
		Debug|Any CPU = Debug|Any CPU
		Release|Any CPU = Release|Any CPU
	EndGlobalSection
	GlobalSection(ProjectConfigurationPlatforms) = postSolution
		{E4A2052D-30A8-42EC-81F8-ED932EB81575}.Debug|Any CPU.ActiveCfg = Debug|Any CPU
		{E4A2052D-30A8-42EC-81F8-ED932EB81575}.Debug|Any CPU.Build.0 = Debug|Any CPU
		{E4A2052D-30A8-42EC-81F8-ED932EB81575}.Release|Any CPU.ActiveCfg = Debug|Any CPU
		{E4A2052D-30A8-42EC-81F8-ED932EB81575}.Release|Any CPU.Build.0 = Debug|Any CPU
	EndGlobalSection
	GlobalSection(SolutionProperties) = preSolution
		HideSolutionNode = FALSE
	EndGlobalSection
EndGlobal
